
Microsoft Visual Studio Solution File, Format Version 12.00
# Visual Studio Version 16
VisualStudioVersion = 16.0.33214.272
MinimumVisualStudioVersion = 10.0.40219.1
Project("{FAE04EC0-301F-11D3-BF4B-00C04F79EFBC}") = "DevIO.AppMvc", "src\DevIO.AppMvc\DevIO.AppMvc.csproj", "{DE8680DF-06C5-4494-B67E-AD9BFA4201B3}"
EndProject
Project("{FAE04EC0-301F-11D3-BF4B-00C04F79EFBC}") = "DevIO.Business", "src\DevIO.Business\DevIO.Business.csproj", "{59848B29-A966-41DE-8A7E-B99197D6B6FC}"
EndProject
Project("{FAE04EC0-301F-11D3-BF4B-00C04F79EFBC}") = "DevIO.Infra", "src\DevIO.Infra\DevIO.Infra.csproj", "{111777A6-1D49-4B5A-8577-9FBA77EEE862}"
EndProject
Global
	GlobalSection(SolutionConfigurationPlatforms) = preSolution
		Debug|Any CPU = Debug|Any CPU
		Release|Any CPU = Release|Any CPU
	EndGlobalSection
	GlobalSection(ProjectConfigurationPlatforms) = postSolution
		{DE8680DF-06C5-4494-B67E-AD9BFA4201B3}.Debug|Any CPU.ActiveCfg = Debug|Any CPU
		{DE8680DF-06C5-4494-B67E-AD9BFA4201B3}.Debug|Any CPU.Build.0 = Debug|Any CPU
		{DE8680DF-06C5-4494-B67E-AD9BFA4201B3}.Release|Any CPU.ActiveCfg = Release|Any CPU
		{DE8680DF-06C5-4494-B67E-AD9BFA4201B3}.Release|Any CPU.Build.0 = Release|Any CPU
		{59848B29-A966-41DE-8A7E-B99197D6B6FC}.Debug|Any CPU.ActiveCfg = Debug|Any CPU
		{59848B29-A966-41DE-8A7E-B99197D6B6FC}.Debug|Any CPU.Build.0 = Debug|Any CPU
		{59848B29-A966-41DE-8A7E-B99197D6B6FC}.Release|Any CPU.ActiveCfg = Release|Any CPU
		{59848B29-A966-41DE-8A7E-B99197D6B6FC}.Release|Any CPU.Build.0 = Release|Any CPU
		{111777A6-1D49-4B5A-8577-9FBA77EEE862}.Debug|Any CPU.ActiveCfg = Debug|Any CPU
		{111777A6-1D49-4B5A-8577-9FBA77EEE862}.Debug|Any CPU.Build.0 = Debug|Any CPU
		{111777A6-1D49-4B5A-8577-9FBA77EEE862}.Release|Any CPU.ActiveCfg = Release|Any CPU
		{111777A6-1D49-4B5A-8577-9FBA77EEE862}.Release|Any CPU.Build.0 = Release|Any CPU
	EndGlobalSection
	GlobalSection(SolutionProperties) = preSolution
		HideSolutionNode = FALSE
	EndGlobalSection
	GlobalSection(ExtensibilityGlobals) = postSolution
		SolutionGuid = {F1924710-B9B8-4149-91FE-4A8D7F26CA1F}
	EndGlobalSection
EndGlobal
